
Microsoft Visual Studio Solution File, Format Version 12.00
# Visual Studio Version 17
VisualStudioVersion = 17.0.31903.59
MinimumVisualStudioVersion = 10.0.40219.1
Project("{FAE04EC0-301F-11D3-BF4B-00C04F79EFBC}") = "Registro.Web", "Registro.Web\Registro.Web.csproj", "{26E6A30D-E053-48F6-8373-C8F9FF54314F}"
EndProject
Project("{FAE04EC0-301F-11D3-BF4B-00C04F79EFBC}") = "Registro.Web.Application", "Registro.Web.Application\Registro.Web.Application.csproj", "{BCC4C26D-AE1D-4598-9580-6778B29015C8}"
EndProject
Project("{FAE04EC0-301F-11D3-BF4B-00C04F79EFBC}") = "Registro.Web.Infrastructure", "Registro.Web.Infrastructure\Registro.Web.Infrastructure.csproj", "{1AC0756A-E66E-4809-95A4-F5B5C6609EF2}"
EndProject
Global
	GlobalSection(SolutionConfigurationPlatforms) = preSolution
		Debug|Any CPU = Debug|Any CPU
		Debug|x64 = Debug|x64
		Debug|x86 = Debug|x86
		Release|Any CPU = Release|Any CPU
		Release|x64 = Release|x64
		Release|x86 = Release|x86
	EndGlobalSection
	GlobalSection(ProjectConfigurationPlatforms) = postSolution
		{26E6A30D-E053-48F6-8373-C8F9FF54314F}.Debug|Any CPU.ActiveCfg = Debug|Any CPU
		{26E6A30D-E053-48F6-8373-C8F9FF54314F}.Debug|Any CPU.Build.0 = Debug|Any CPU
		{26E6A30D-E053-48F6-8373-C8F9FF54314F}.Debug|x64.ActiveCfg = Debug|Any CPU
		{26E6A30D-E053-48F6-8373-C8F9FF54314F}.Debug|x64.Build.0 = Debug|Any CPU
		{26E6A30D-E053-48F6-8373-C8F9FF54314F}.Debug|x86.ActiveCfg = Debug|Any CPU
		{26E6A30D-E053-48F6-8373-C8F9FF54314F}.Debug|x86.Build.0 = Debug|Any CPU
		{26E6A30D-E053-48F6-8373-C8F9FF54314F}.Release|Any CPU.ActiveCfg = Release|Any CPU
		{26E6A30D-E053-48F6-8373-C8F9FF54314F}.Release|Any CPU.Build.0 = Release|Any CPU
		{26E6A30D-E053-48F6-8373-C8F9FF54314F}.Release|x64.ActiveCfg = Release|Any CPU
		{26E6A30D-E053-48F6-8373-C8F9FF54314F}.Release|x64.Build.0 = Release|Any CPU
		{26E6A30D-E053-48F6-8373-C8F9FF54314F}.Release|x86.ActiveCfg = Release|Any CPU
		{26E6A30D-E053-48F6-8373-C8F9FF54314F}.Release|x86.Build.0 = Release|Any CPU
		{BCC4C26D-AE1D-4598-9580-6778B29015C8}.Debug|Any CPU.ActiveCfg = Debug|Any CPU
		{BCC4C26D-AE1D-4598-9580-6778B29015C8}.Debug|Any CPU.Build.0 = Debug|Any CPU
		{BCC4C26D-AE1D-4598-9580-6778B29015C8}.Debug|x64.ActiveCfg = Debug|Any CPU
		{BCC4C26D-AE1D-4598-9580-6778B29015C8}.Debug|x64.Build.0 = Debug|Any CPU
		{BCC4C26D-AE1D-4598-9580-6778B29015C8}.Debug|x86.ActiveCfg = Debug|Any CPU
		{BCC4C26D-AE1D-4598-9580-6778B29015C8}.Debug|x86.Build.0 = Debug|Any CPU
		{BCC4C26D-AE1D-4598-9580-6778B29015C8}.Release|Any CPU.ActiveCfg = Release|Any CPU
		{BCC4C26D-AE1D-4598-9580-6778B29015C8}.Release|Any CPU.Build.0 = Release|Any CPU
		{BCC4C26D-AE1D-4598-9580-6778B29015C8}.Release|x64.ActiveCfg = Release|Any CPU
		{BCC4C26D-AE1D-4598-9580-6778B29015C8}.Release|x64.Build.0 = Release|Any CPU
		{BCC4C26D-AE1D-4598-9580-6778B29015C8}.Release|x86.ActiveCfg = Release|Any CPU
		{BCC4C26D-AE1D-4598-9580-6778B29015C8}.Release|x86.Build.0 = Release|Any CPU
		{1AC0756A-E66E-4809-95A4-F5B5C6609EF2}.Debug|Any CPU.ActiveCfg = Debug|Any CPU
		{1AC0756A-E66E-4809-95A4-F5B5C6609EF2}.Debug|Any CPU.Build.0 = Debug|Any CPU
		{1AC0756A-E66E-4809-95A4-F5B5C6609EF2}.Debug|x64.ActiveCfg = Debug|Any CPU
		{1AC0756A-E66E-4809-95A4-F5B5C6609EF2}.Debug|x64.Build.0 = Debug|Any CPU
		{1AC0756A-E66E-4809-95A4-F5B5C6609EF2}.Debug|x86.ActiveCfg = Debug|Any CPU
		{1AC0756A-E66E-4809-95A4-F5B5C6609EF2}.Debug|x86.Build.0 = Debug|Any CPU
		{1AC0756A-E66E-4809-95A4-F5B5C6609EF2}.Release|Any CPU.ActiveCfg = Release|Any CPU
		{1AC0756A-E66E-4809-95A4-F5B5C6609EF2}.Release|Any CPU.Build.0 = Release|Any CPU
		{1AC0756A-E66E-4809-95A4-F5B5C6609EF2}.Release|x64.ActiveCfg = Release|Any CPU
		{1AC0756A-E66E-4809-95A4-F5B5C6609EF2}.Release|x64.Build.0 = Release|Any CPU
		{1AC0756A-E66E-4809-95A4-F5B5C6609EF2}.Release|x86.ActiveCfg = Release|Any CPU
		{1AC0756A-E66E-4809-95A4-F5B5C6609EF2}.Release|x86.Build.0 = Release|Any CPU
	EndGlobalSection
	GlobalSection(SolutionProperties) = preSolution
		HideSolutionNode = FALSE
	EndGlobalSection
EndGlobal
